PODS:
  - Alamofire (5.1.0)
  - MKBeaconXProSDK (0.1.1)
  - SwiftyJSON (5.0.0)

DEPENDENCIES:
  - Alamofire
  - MKBeaconXProSDK
  - SwiftyJSON

SPEC REPOS:
  trunk:
    - Alamofire
    - MKBeaconXProSDK
    - SwiftyJSON

SPEC CHECKSUMS:
  Alamofire: 9d5c5f602928e512395b30950c5984eca840093c
  MKBeaconXProSDK: ebebe517c1793725054bbcade04ee5699d760785
  SwiftyJSON: 36413e04c44ee145039d332b4f4e2d3e8d6c4db7

PODFILE CHECKSUM: 2422cd014d49515ca28f755bdf26f73f5a7c547f

COCOAPODS: 1.9.3
